// !$*UTF8*$!
{
	archiveVersion = 1;
	classes = {
	};
	objectVersion = 46;
	objects = {

/* Begin PBXBuildFile section */
		DE83F68B1ECAA4EB001E1C00 /* AppDelegate.swift in Sources */ = {isa = PBXBuildFile; fileRef = DE83F68A1ECAA4EB001E1C00 /* AppDelegate.swift */; };
		DE83F68D1ECAA4EB001E1C00 /* ViewController.swift in Sources */ = {isa = PBXBuildFile; fileRef = DE83F68C1ECAA4EB001E1C00 /* ViewController.swift */; };
		DE83F6901ECAA4EB001E1C00 /* Main.storyboard in Resources */ = {isa = PBXBuildFile; fileRef = DE83F68E1ECAA4EB001E1C00 /* Main.storyboard */; };
		DE83F6921ECAA4EB001E1C00 /* Assets.xcassets in Resources */ = {isa = PBXBuildFile; fileRef = DE83F6911ECAA4EB001E1C00 /* Assets.xcassets */; };
		DE83F6951ECAA4EB001E1C00 /* LaunchScreen.storyboard in Resources */ = {isa = PBXBuildFile; fileRef = DE83F6931ECAA4EB001E1C00 /* LaunchScreen.storyboard */; };
		DE83F69D1ECAA53B001E1C00 /* FaceView.swift in Sources */ = {isa = PBXBuildFile; fileRef = DE83F69C1ECAA53B001E1C00 /* FaceView.swift */; };
		DEC3A7691ECE6CBC00A489B1 /* FacialExpression.swift in Sources */ = {isa = PBXBuildFile; fileRef = DEC3A7681ECE6CBC00A489B1 /* FacialExpression.swift */; };
/* End PBXBuildFile section */

/* Begin PBXFileReference section */
		DE83F6871ECAA4EB001E1C00 /* FaceIt.app */ = {isa = PBXFileReference; explicitFileType = wrapper.application; includeInIndex = 0; path = FaceIt.app; sourceTree = BUILT_PRODUCTS_DIR; };
		DE83F68A1ECAA4EB001E1C00 /* AppDelegate.swift */ = {isa = PBXFileReference; lastKnownFileType = sourcecode.swift; path = AppDelegate.swift; sourceTree = "<group>"; };
		DE83F68C1ECAA4EB001E1C00 /* ViewController.swift */ = {isa = PBXFileReference; lastKnownFileType = sourcecode.swift; path = ViewController.swift; sourceTree = "<group>"; };
		DE83F68F1ECAA4EB001E1C00 /* Base */ = {isa = PBXFileReference; lastKnownFileType = file.storyboard; name = Base; path = Base.lproj/Main.storyboard; sourceTree = "<group>"; };
		DE83F6911ECAA4EB001E1C00 /* Assets.xcassets */ = {isa = PBXFileReference; lastKnownFileType = folder.assetcatalog; path = Assets.xcassets; sourceTree = "<group>"; };
		DE83F6941ECAA4EB001E1C00 /* Base */ = {isa = PBXFileReference; lastKnownFileType = file.storyboard; name = Base; path = Base.lproj/LaunchScreen.storyboard; sourceTree = "<group>"; };
		DE83F6961ECAA4EB001E1C00 /* Info.plist */ = {isa = PBXFileReference; lastKnownFileType = text.plist.xml; path = Info.plist; sourceTree = "<group>"; };
		DE83F69C1ECAA53B001E1C00 /* FaceView.swift */ = {isa = PBXFileReference; fileEncoding = 4; lastKnownFileType = sourcecode.swift; path = FaceView.swift; sourceTree = "<group>"; };
		DEC3A7681ECE6CBC00A489B1 /* FacialExpression.swift */ = {isa = PBXFileReference; fileEncoding = 4; lastKnownFileType = sourcecode.swift; path = FacialExpression.swift; sourceTree = "<group>"; };
/* End PBXFileReference section */

/* Begin PBXFrameworksBuildPhase section */
		DE83F6841ECAA4EB001E1C00 /* Frameworks */ = {
			isa = PBXFrameworksBuildPhase;
			buildActionMask = 2147483647;
			files = (
			);
			runOnlyForDeploymentPostprocessing = 0;
		};
/* End PBXFrameworksBuildPhase section */

/* Begin PBXGroup section */
		DE83F67E1ECAA4EB001E1C00 = {
			isa = PBXGroup;
			children = (
				DE83F6891ECAA4EB001E1C00 /* FaceIt */,
				DE83F6881ECAA4EB001E1C00 /* Products */,
			);
			sourceTree = "<group>";
		};
		DE83F6881ECAA4EB001E1C00 /* Products */ = {
			isa = PBXGroup;
			children = (
				DE83F6871ECAA4EB001E1C00 /* FaceIt.app */,
			);
			name = Products;
			sourceTree = "<group>";
		};
		DE83F6891ECAA4EB001E1C00 /* FaceIt */ = {
			isa = PBXGroup;
			children = (
				DE83F68A1ECAA4EB001E1C00 /* AppDelegate.swift */,
				DE83F69C1ECAA53B001E1C00 /* FaceView.swift */,
				DE83F68C1ECAA4EB001E1C00 /* ViewController.swift */,
				DEC3A7681ECE6CBC00A489B1 /* FacialExpression.swift */,
				DE83F68E1ECAA4EB001E1C00 /* Main.storyboard */,
				DE83F6911ECAA4EB001E1C00 /* Assets.xcassets */,
				DE83F6931ECAA4EB001E1C00 /* LaunchScreen.storyboard */,
				DE83F6961ECAA4EB001E1C00 /* Info.plist */,
			);
			path = FaceIt;
			sourceTree = "<group>";
		};
/* End PBXGroup section */

/* Begin PBXNativeTarget section */
		DE83F6861ECAA4EB001E1C00 /* FaceIt */ = {
			isa = PBXNativeTarget;
			buildConfigurationList = DE83F6991ECAA4EB001E1C00 /* Build configuration list for PBXNativeTarget "FaceIt" */;
			buildPhases = (
				DE83F6831ECAA4EB001E1C00 /* Sources */,
				DE83F6841ECAA4EB001E1C00 /* Frameworks */,
				DE83F6851ECAA4EB001E1C00 /* Resources */,
			);
			buildRules = (
			);
			dependencies = (
			);
			name = FaceIt;
			productName = FaceIt;
			productReference = DE83F6871ECAA4EB001E1C00 /* FaceIt.app */;
			productType = "com.apple.product-type.application";
		};
/* End PBXNativeTarget section */

/* Begin PBXProject section */
		DE83F67F1ECAA4EB001E1C00 /* Project object */ = {
			isa = PBXProject;
			attributes = {
				LastSwiftUpdateCheck = 0830;
				LastUpgradeCheck = 0830;
				ORGANIZATIONNAME = "Yang Zhang";
				TargetAttributes = {
					DE83F6861ECAA4EB001E1C00 = {
						CreatedOnToolsVersion = 8.3.2;
						ProvisioningStyle = Automatic;
					};
				};
			};
			buildConfigurationList = DE83F6821ECAA4EB001E1C00 /* Build configuration list for PBXProject "FaceIt" */;
			compatibilityVersion = "Xcode 3.2";
			developmentRegion = English;
			hasScannedForEncodings = 0;
			knownRegions = (
				en,
				Base,
			);
			mainGroup = DE83F67E1ECAA4EB001E1C00;
			productRefGroup = DE83F6881ECAA4EB001E1C00 /* Products */;
			projectDirPath = "";
			projectRoot = "";
			targets = (
				DE83F6861ECAA4EB001E1C00 /* FaceIt */,
			);
		};
/* End PBXProject section */

/* Begin PBXResourcesBuildPhase section */
		DE83F6851ECAA4EB001E1C00 /* Resources */ = {
			isa = PBXResourcesBuildPhase;
			buildActionMask = 2147483647;
			files = (
				DE83F6951ECAA4EB001E1C00 /* LaunchScreen.storyboard in Resources */,
				DE83F6921ECAA4EB001E1C00 /* Assets.xcassets in Resources */,
				DE83F6901ECAA4EB001E1C00 /* Main.storyboard in Resources */,
			);
			runOnlyForDeploymentPostprocessing = 0;
		};
/* End PBXResourcesBuildPhase section */

/* Begin PBXSourcesBuildPhase section */
		DE83F6831ECAA4EB001E1C00 /* Sources */ = {
			isa = PBXSourcesBuildPhase;
			buildActionMask = 2147483647;
			files = (
				DE83F68D1ECAA4EB001E1C00 /* ViewController.swift in Sources */,
				DEC3A7691ECE6CBC00A489B1 /* FacialExpression.swift in Sources */,
				DE83F68B1ECAA4EB001E1C00 /* AppDelegate.swift in Sources */,
				DE83F69D1ECAA53B001E1C00 /* FaceView.swift in Sources */,
			);
			runOnlyForDeploymentPostprocessing = 0;
		};
/* End PBXSourcesBuildPhase section */

/* Begin PBXVariantGroup section */
		DE83F68E1ECAA4EB001E1C00 /* Main.storyboard */ = {
			isa = PBXVariantGroup;
			children = (
				DE83F68F1ECAA4EB001E1C00 /* Base */,
			);
			name = Main.storyboard;
			sourceTree = "<group>";
		};
		DE83F6931ECAA4EB001E1C00 /* LaunchScreen.storyboard */ = {
			isa = PBXVariantGroup;
			children = (
				DE83F6941ECAA4EB001E1C00 /* Base */,
			);
			name = LaunchScreen.storyboard;
			sourceTree = "<group>";
		};
/* End PBXVariantGroup section */

/* Begin XCBuildConfiguration section */
		DE83F6971ECAA4EB001E1C00 /* Debug */ = {
			isa = XCBuildConfiguration;
			buildSettings = {
				ALWAYS_SEARCH_USER_PATHS = NO;
				CLANG_ANALYZER_NONNULL = YES;
				CLANG_ANALYZER_NUMBER_OBJECT_CONVERSION = YES_AGGRESSIVE;
				CLANG_CXX_LANGUAGE_STANDARD = "gnu++0x";
				CLANG_CXX_LIBRARY = "libc++";
				CLANG_ENABLE_MODULES = YES;
				CLANG_ENABLE_OBJC_ARC = YES;
				CLANG_WARN_BOOL_CONVERSION = YES;
				CLANG_WARN_CONSTANT_CONVERSION = YES;
				CLANG_WARN_DIRECT_OBJC_ISA_USAGE = YES_ERROR;
				CLANG_WARN_DOCUMENTATION_COMMENTS = YES;
				CLANG_WARN_EMPTY_BODY = YES;
				CLANG_WARN_ENUM_CONVERSION = YES;
				CLANG_WARN_INFINITE_RECURSION = YES;
				CLANG_WARN_INT_CONVERSION = YES;
				CLANG_WARN_OBJC_ROOT_CLASS = YES_ERROR;
				CLANG_WARN_SUSPICIOUS_MOVE = YES;
				CLANG_WARN_UNREACHABLE_CODE = YES;
				CLANG_WARN__DUPLICATE_METHOD_MATCH = YES;
				"CODE_SIGN_IDENTITY[sdk=iphoneos*]" = "iPhone Developer";
				COPY_PHASE_STRIP = NO;
				DEBUG_INFORMATION_FORMAT = dwarf;
				ENABLE_STRICT_OBJC_MSGSEND = YES;
				ENABLE_TESTABILITY = YES;
				GCC_C_LANGUAGE_STANDARD = gnu99;
				GCC_DYNAMIC_NO_PIC = NO;
				GCC_NO_COMMON_BLOCKS = YES;
				GCC_OPTIMIZATION_LEVEL = 0;
				GCC_PREPROCESSOR_DEFINITIONS = (
					"DEBUG=1",
					"$(inherited)",
				);
				GCC_WARN_64_TO_32_BIT_CONVERSION = YES;
				GCC_WARN_ABOUT_RETURN_TYPE = YES_ERROR;
				GCC_WARN_UNDECLARED_SELECTOR = YES;
				GCC_WARN_UNINITIALIZED_AUTOS = YES_AGGRESSIVE;
				GCC_WARN_UNUSED_FUNCTION = YES;
				GCC_WARN_UNUSED_VARIABLE = YES;
				IPHONEOS_DEPLOYMENT_TARGET = 10.3;
				MTL_ENABLE_DEBUG_INFO = YES;
				ONLY_ACTIVE_ARCH = YES;
				SDKROOT = iphoneos;
				SWIFT_ACTIVE_COMPILATION_CONDITIONS = DEBUG;
				SWIFT_OPTIMIZATION_LEVEL = "-Onone";
				TARGETED_DEVICE_FAMILY = "1,2";
			};
			name = Debug;
		};
		DE83F6981ECAA4EB001E1C00 /* Release */ = {
			isa = XCBuildConfiguration;
			buildSettings = {
				ALWAYS_SEARCH_USER_PATHS = NO;
				CLANG_ANALYZER_NONNULL = YES;
				CLANG_ANALYZER_NUMBER_OBJECT_CONVERSION = YES_AGGRESSIVE;
				CLANG_CXX_LANGUAGE_STANDARD = "gnu++0x";
				CLANG_CXX_LIBRARY = "libc++";
				CLANG_ENABLE_MODULES = YES;
				CLANG_ENABLE_OBJC_ARC = YES;
				CLANG_WARN_BOOL_CONVERSION = YES;
				CLANG_WARN_CONSTANT_CONVERSION = YES;
				CLANG_WARN_DIRECT_OBJC_ISA_USAGE = YES_ERROR;
				CLANG_WARN_DOCUMENTATION_COMMENTS = YES;
				CLANG_WARN_EMPTY_BODY = YES;
				CLANG_WARN_ENUM_CONVERSION = YES;
				CLANG_WARN_INFINITE_RECURSION = YES;
				CLANG_WARN_INT_CONVERSION = YES;
				CLANG_WARN_OBJC_ROOT_CLASS = YES_ERROR;
				CLANG_WARN_SUSPICIOUS_MOVE = YES;
				CLANG_WARN_UNREACHABLE_CODE = YES;
				CLANG_WARN__DUPLICATE_METHOD_MATCH = YES;
				"CODE_SIGN_IDENTITY[sdk=iphoneos*]" = "iPhone Developer";
				COPY_PHASE_STRIP = NO;
				DEBUG_INFORMATION_FORMAT = "dwarf-with-dsym";
				ENABLE_NS_ASSERTIONS = NO;
				ENABLE_STRICT_OBJC_MSGSEND = YES;
				GCC_C_LANGUAGE_STANDARD = gnu99;
				GCC_NO_COMMON_BLOCKS = YES;
				GCC_WARN_64_TO_32_BIT_CONVERSION = YES;
				GCC_WARN_ABOUT_RETURN_TYPE = YES_ERROR;
				GCC_WARN_UNDECLARED_SELECTOR = YES;
				GCC_WARN_UNINITIALIZED_AUTOS = YES_AGGRESSIVE;
				GCC_WARN_UNUSED_FUNCTION = YES;
				GCC_WARN_UNUSED_VARIABLE = YES;
				IPHONEOS_DEPLOYMENT_TARGET = 10.3;
				MTL_ENABLE_DEBUG_INFO = NO;
				SDKROOT = iphoneos;
				SWIFT_OPTIMIZATION_LEVEL = "-Owholemodule";
				TARGETED_DEVICE_FAMILY = "1,2";
				VALIDATE_PRODUCT = YES;
			};
			name = Release;
		};
		DE83F69A1ECAA4EB001E1C00 /* Debug */ = {
			isa = XCBuildConfiguration;
			buildSettings = {
				ASSETCATALOG_COMPILER_APPICON_NAME = AppIcon;
				INFOPLIST_FILE = FaceIt/Info.plist;
				LD_RUNPATH_SEARCH_PATHS = "$(inherited) @executable_path/Frameworks";
				PRODUCT_BUNDLE_IDENTIFIER = com.ssihometech.yang.FaceIt;
				PRODUCT_NAME = "$(TARGET_NAME)";
				SWIFT_VERSION = 3.0;
			};
			name = Debug;
		};
		DE83F69B1ECAA4EB001E1C00 /* Release */ = {
			isa = XCBuildConfiguration;
			buildSettings = {
				ASSETCATALOG_COMPILER_APPICON_NAME = AppIcon;
				INFOPLIST_FILE = FaceIt/Info.plist;
				LD_RUNPATH_SEARCH_PATHS = "$(inherited) @executable_path/Frameworks";
				PRODUCT_BUNDLE_IDENTIFIER = com.ssihometech.yang.FaceIt;
				PRODUCT_NAME = "$(TARGET_NAME)";
				SWIFT_VERSION = 3.0;
			};
			name = Release;
		};
/* End XCBuildConfiguration section */

/* Begin XCConfigurationList section */
		DE83F6821ECAA4EB001E1C00 /* Build configuration list for PBXProject "FaceIt" */ = {
			isa = XCConfigurationList;
			buildConfigurations = (
				DE83F6971ECAA4EB001E1C00 /* Debug */,
				DE83F6981ECAA4EB001E1C00 /* Release */,
			);
			defaultConfigurationIsVisible = 0;
			defaultConfigurationName = Release;
		};
		DE83F6991ECAA4EB001E1C00 /* Build configuration list for PBXNativeTarget "FaceIt" */ = {
			isa = XCConfigurationList;
			buildConfigurations = (
				DE83F69A1ECAA4EB001E1C00 /* Debug */,
				DE83F69B1ECAA4EB001E1C00 /* Release */,
			);
			defaultConfigurationIsVisible = 0;
			defaultConfigurationName = Release;
		};
/* End XCConfigurationList section */
	};
	rootObject = DE83F67F1ECAA4EB001E1C00 /* Project object */;
}
